
Microsoft Visual Studio Solution File, Format Version 12.00
# Visual Studio Version 17
VisualStudioVersion = 17.1.32414.318
MinimumVisualStudioVersion = 10.0.40219.1
Project("{FAE04EC0-301F-11D3-BF4B-00C04F79EFBC}") = "ConstructionAndInstallationWorksBayramov", "ConstructionAndInstallationWorksBayramov\ConstructionAndInstallationWorksBayramov.csproj", "{715A7ACD-8139-4939-A747-C0A856F487C4}"
EndProject
Global
	GlobalSection(SolutionConfigurationPlatforms) = preSolution
		Debug|Any CPU = Debug|Any CPU
		Release|Any CPU = Release|Any CPU
	EndGlobalSection
	GlobalSection(ProjectConfigurationPlatforms) = postSolution
		{715A7ACD-8139-4939-A747-C0A856F487C4}.Debug|Any CPU.ActiveCfg = Debug|Any CPU
		{715A7ACD-8139-4939-A747-C0A856F487C4}.Debug|Any CPU.Build.0 = Debug|Any CPU
		{715A7ACD-8139-4939-A747-C0A856F487C4}.Release|Any CPU.ActiveCfg = Release|Any CPU
		{715A7ACD-8139-4939-A747-C0A856F487C4}.Release|Any CPU.Build.0 = Release|Any CPU
	EndGlobalSection
	GlobalSection(SolutionProperties) = preSolution
		HideSolutionNode = FALSE
	EndGlobalSection
	GlobalSection(ExtensibilityGlobals) = postSolution
		SolutionGuid = {0F20123D-F03A-4328-B828-CD4EFDA623E2}
	EndGlobalSection
EndGlobal
